
Microsoft Visual Studio Solution File, Format Version 11.00
# Visual Studio 2010
Project("{FAE04EC0-301F-11D3-BF4B-00C04F79EFBC}") = "Zenject", "Zenject.csproj", "{86301B73-6D72-3131-F31F-C4D998AF14FE}"
EndProject
Project("{FAE04EC0-301F-11D3-BF4B-00C04F79EFBC}") = "Assembly-CSharp", "Assembly-CSharp.csproj", "{56546461-5FF5-F7E6-6635-234C2F8579E1}"
EndProject
Project("{FAE04EC0-301F-11D3-BF4B-00C04F79EFBC}") = "Zenject-Editor", "Zenject-Editor.csproj", "{985A1D9A-399B-F803-F557-75E8BAC748DA}"
EndProject
Global
	GlobalSection(SolutionConfigurationPlatforms) = preSolution
		Debug|Any CPU = Debug|Any CPU
		Release|Any CPU = Release|Any CPU
	EndGlobalSection
	GlobalSection(ProjectConfigurationPlatforms) = postSolution
		{86301B73-6D72-3131-F31F-C4D998AF14FE}.Debug|Any CPU.ActiveCfg = Debug|Any CPU
		{86301B73-6D72-3131-F31F-C4D998AF14FE}.Debug|Any CPU.Build.0 = Debug|Any CPU
		{86301B73-6D72-3131-F31F-C4D998AF14FE}.Release|Any CPU.ActiveCfg = Release|Any CPU
		{86301B73-6D72-3131-F31F-C4D998AF14FE}.Release|Any CPU.Build.0 = Release|Any CPU
		{56546461-5FF5-F7E6-6635-234C2F8579E1}.Debug|Any CPU.ActiveCfg = Debug|Any CPU
		{56546461-5FF5-F7E6-6635-234C2F8579E1}.Debug|Any CPU.Build.0 = Debug|Any CPU
		{56546461-5FF5-F7E6-6635-234C2F8579E1}.Release|Any CPU.ActiveCfg = Release|Any CPU
		{56546461-5FF5-F7E6-6635-234C2F8579E1}.Release|Any CPU.Build.0 = Release|Any CPU
		{985A1D9A-399B-F803-F557-75E8BAC748DA}.Debug|Any CPU.ActiveCfg = Debug|Any CPU
		{985A1D9A-399B-F803-F557-75E8BAC748DA}.Debug|Any CPU.Build.0 = Debug|Any CPU
		{985A1D9A-399B-F803-F557-75E8BAC748DA}.Release|Any CPU.ActiveCfg = Release|Any CPU
		{985A1D9A-399B-F803-F557-75E8BAC748DA}.Release|Any CPU.Build.0 = Release|Any CPU
	EndGlobalSection
	GlobalSection(SolutionProperties) = preSolution
		HideSolutionNode = FALSE
	EndGlobalSection
EndGlobal
